# This file is autogenerated, do not edit; changes may be undone by the next 'dep ensure'.


[[projects]]
  name = "github.com/google/gopacket"
  packages = [".","examples/util","layers","pcap","routing"]
  revision = "7f3fc6cbbb499248dca53da7fe3ed6c25a78d22f"
  version = "v1.1.16"

[solve-meta]
  analyzer-name = "dep"
  analyzer-version = 1
  inputs-digest = "9989fd633bfb409a4a0f29c00a2613dde7c1218e60b155d3c371c95032d4623b"
  solver-name = "gps-cdcl"
  solver-version = 1
